// !$*UTF8*$!
{
	archiveVersion = 1;
	classes = {
	};
	objectVersion = 50;
	objects = {

/* Begin PBXBuildFile section */
		C95288EA256A5A4300FF4134 /* CollectionViewController.swift in Sources */ = {isa = PBXBuildFile; fileRef = C95288E9256A5A4300FF4134 /* CollectionViewController.swift */; };
		C95288EF256B267400FF4134 /* ConfidentalCollectionViewCell.swift in Sources */ = {isa = PBXBuildFile; fileRef = C95288EE256B267400FF4134 /* ConfidentalCollectionViewCell.swift */; };
		C95288F4256BAA9F00FF4134 /* PresentViewController.swift in Sources */ = {isa = PBXBuildFile; fileRef = C95288F3256BAA9F00FF4134 /* PresentViewController.swift */; };
		C9A224762568C14900B2F514 /* AppDelegate.swift in Sources */ = {isa = PBXBuildFile; fileRef = C9A224752568C14900B2F514 /* AppDelegate.swift */; };
		C9A224782568C14900B2F514 /* SceneDelegate.swift in Sources */ = {isa = PBXBuildFile; fileRef = C9A224772568C14900B2F514 /* SceneDelegate.swift */; };
		C9A2247A2568C14900B2F514 /* PasswordViewController.swift in Sources */ = {isa = PBXBuildFile; fileRef = C9A224792568C14900B2F514 /* PasswordViewController.swift */; };
		C9A2247F2568C14B00B2F514 /* Assets.xcassets in Resources */ = {isa = PBXBuildFile; fileRef = C9A2247E2568C14B00B2F514 /* Assets.xcassets */; };
		C9A224822568C14B00B2F514 /* LaunchScreen.storyboard in Resources */ = {isa = PBXBuildFile; fileRef = C9A224802568C14B00B2F514 /* LaunchScreen.storyboard */; };
		C9A2248D2568C14B00B2F514 /* DoNotOpenTests.swift in Sources */ = {isa = PBXBuildFile; fileRef = C9A2248C2568C14B00B2F514 /* DoNotOpenTests.swift */; };
		C9A224982568C14B00B2F514 /* DoNotOpenUITests.swift in Sources */ = {isa = PBXBuildFile; fileRef = C9A224972568C14B00B2F514 /* DoNotOpenUITests.swift */; };
/* End PBXBuildFile section */

/* Begin PBXContainerItemProxy section */
		C9A224892568C14B00B2F514 /* PBXContainerItemProxy */ = {
			isa = PBXContainerItemProxy;
			containerPortal = C9A2246A2568C14900B2F514 /* Project object */;
			proxyType = 1;
			remoteGlobalIDString = C9A224712568C14900B2F514;
			remoteInfo = DoNotOpen;
		};
		C9A224942568C14B00B2F514 /* PBXContainerItemProxy */ = {
			isa = PBXContainerItemProxy;
			containerPortal = C9A2246A2568C14900B2F514 /* Project object */;
			proxyType = 1;
			remoteGlobalIDString = C9A224712568C14900B2F514;
			remoteInfo = DoNotOpen;
		};
/* End PBXContainerItemProxy section */

/* Begin PBXFileReference section */
		C95288E9256A5A4300FF4134 /* CollectionViewController.swift */ = {isa = PBXFileReference; lastKnownFileType = sourcecode.swift; path = CollectionViewController.swift; sourceTree = "<group>"; };
		C95288EE256B267400FF4134 /* ConfidentalCollectionViewCell.swift */ = {isa = PBXFileReference; lastKnownFileType = sourcecode.swift; path = ConfidentalCollectionViewCell.swift; sourceTree = "<group>"; };
		C95288F3256BAA9F00FF4134 /* PresentViewController.swift */ = {isa = PBXFileReference; lastKnownFileType = sourcecode.swift; path = PresentViewController.swift; sourceTree = "<group>"; };
		C9A224722568C14900B2F514 /* DoNotOpen.app */ = {isa = PBXFileReference; explicitFileType = wrapper.application; includeInIndex = 0; path = DoNotOpen.app; sourceTree = BUILT_PRODUCTS_DIR; };
		C9A224752568C14900B2F514 /* AppDelegate.swift */ = {isa = PBXFileReference; lastKnownFileType = sourcecode.swift; path = AppDelegate.swift; sourceTree = "<group>"; };
		C9A224772568C14900B2F514 /* SceneDelegate.swift */ = {isa = PBXFileReference; lastKnownFileType = sourcecode.swift; path = SceneDelegate.swift; sourceTree = "<group>"; };
		C9A224792568C14900B2F514 /* PasswordViewController.swift */ = {isa = PBXFileReference; lastKnownFileType = sourcecode.swift; path = PasswordViewController.swift; sourceTree = "<group>"; };
		C9A2247E2568C14B00B2F514 /* Assets.xcassets */ = {isa = PBXFileReference; lastKnownFileType = folder.assetcatalog; path = Assets.xcassets; sourceTree = "<group>"; };
		C9A224812568C14B00B2F514 /* Base */ = {isa = PBXFileReference; lastKnownFileType = file.storyboard; name = Base; path = Base.lproj/LaunchScreen.storyboard; sourceTree = "<group>"; };
		C9A224832568C14B00B2F514 /* Info.plist */ = {isa = PBXFileReference; lastKnownFileType = text.plist.xml; path = Info.plist; sourceTree = "<group>"; };
		C9A224882568C14B00B2F514 /* DoNotOpenTests.xctest */ = {isa = PBXFileReference; explicitFileType = wrapper.cfbundle; includeInIndex = 0; path = DoNotOpenTests.xctest; sourceTree = BUILT_PRODUCTS_DIR; };
		C9A2248C2568C14B00B2F514 /* DoNotOpenTests.swift */ = {isa = PBXFileReference; lastKnownFileType = sourcecode.swift; path = DoNotOpenTests.swift; sourceTree = "<group>"; };
		C9A2248E2568C14B00B2F514 /* Info.plist */ = {isa = PBXFileReference; lastKnownFileType = text.plist.xml; path = Info.plist; sourceTree = "<group>"; };
		C9A224932568C14B00B2F514 /* DoNotOpenUITests.xctest */ = {isa = PBXFileReference; explicitFileType = wrapper.cfbundle; includeInIndex = 0; path = DoNotOpenUITests.xctest; sourceTree = BUILT_PRODUCTS_DIR; };
		C9A224972568C14B00B2F514 /* DoNotOpenUITests.swift */ = {isa = PBXFileReference; lastKnownFileType = sourcecode.swift; path = DoNotOpenUITests.swift; sourceTree = "<group>"; };
		C9A224992568C14B00B2F514 /* Info.plist */ = {isa = PBXFileReference; lastKnownFileType = text.plist.xml; path = Info.plist; sourceTree = "<group>"; };
/* End PBXFileReference section */

/* Begin PBXFrameworksBuildPhase section */
		C9A2246F2568C14900B2F514 /* Frameworks */ = {
			isa = PBXFrameworksBuildPhase;
			buildActionMask = 2147483647;
			files = (
			);
			runOnlyForDeploymentPostprocessing = 0;
		};
		C9A224852568C14B00B2F514 /* Frameworks */ = {
			isa = PBXFrameworksBuildPhase;
			buildActionMask = 2147483647;
			files = (
			);
			runOnlyForDeploymentPostprocessing = 0;
		};
		C9A224902568C14B00B2F514 /* Frameworks */ = {
			isa = PBXFrameworksBuildPhase;
			buildActionMask = 2147483647;
			files = (
			);
			runOnlyForDeploymentPostprocessing = 0;
		};
/* End PBXFrameworksBuildPhase section */

/* Begin PBXGroup section */
		C9A224692568C14900B2F514 = {
			isa = PBXGroup;
			children = (
				C9A224742568C14900B2F514 /* DoNotOpen */,
				C9A2248B2568C14B00B2F514 /* DoNotOpenTests */,
				C9A224962568C14B00B2F514 /* DoNotOpenUITests */,
				C9A224732568C14900B2F514 /* Products */,
			);
			sourceTree = "<group>";
		};
		C9A224732568C14900B2F514 /* Products */ = {
			isa = PBXGroup;
			children = (
				C9A224722568C14900B2F514 /* DoNotOpen.app */,
				C9A224882568C14B00B2F514 /* DoNotOpenTests.xctest */,
				C9A224932568C14B00B2F514 /* DoNotOpenUITests.xctest */,
			);
			name = Products;
			sourceTree = "<group>";
		};
		C9A224742568C14900B2F514 /* DoNotOpen */ = {
			isa = PBXGroup;
			children = (
				C9A224752568C14900B2F514 /* AppDelegate.swift */,
				C9A224772568C14900B2F514 /* SceneDelegate.swift */,
				C9A224792568C14900B2F514 /* PasswordViewController.swift */,
				C95288E9256A5A4300FF4134 /* CollectionViewController.swift */,
				C95288EE256B267400FF4134 /* ConfidentalCollectionViewCell.swift */,
				C95288F3256BAA9F00FF4134 /* PresentViewController.swift */,
				C9A2247E2568C14B00B2F514 /* Assets.xcassets */,
				C9A224802568C14B00B2F514 /* LaunchScreen.storyboard */,
				C9A224832568C14B00B2F514 /* Info.plist */,
			);
			path = DoNotOpen;
			sourceTree = "<group>";
		};
		C9A2248B2568C14B00B2F514 /* DoNotOpenTests */ = {
			isa = PBXGroup;
			children = (
				C9A2248C2568C14B00B2F514 /* DoNotOpenTests.swift */,
				C9A2248E2568C14B00B2F514 /* Info.plist */,
			);
			path = DoNotOpenTests;
			sourceTree = "<group>";
		};
		C9A224962568C14B00B2F514 /* DoNotOpenUITests */ = {
			isa = PBXGroup;
			children = (
				C9A224972568C14B00B2F514 /* DoNotOpenUITests.swift */,
				C9A224992568C14B00B2F514 /* Info.plist */,
			);
			path = DoNotOpenUITests;
			sourceTree = "<group>";
		};
/* End PBXGroup section */

/* Begin PBXNativeTarget section */
		C9A224712568C14900B2F514 /* DoNotOpen */ = {
			isa = PBXNativeTarget;
			buildConfigurationList = C9A2249C2568C14B00B2F514 /* Build configuration list for PBXNativeTarget "DoNotOpen" */;
			buildPhases = (
				C9A2246E2568C14900B2F514 /* Sources */,
				C9A2246F2568C14900B2F514 /* Frameworks */,
				C9A224702568C14900B2F514 /* Resources */,
			);
			buildRules = (
			);
			dependencies = (
			);
			name = DoNotOpen;
			productName = DoNotOpen;
			productReference = C9A224722568C14900B2F514 /* DoNotOpen.app */;
			productType = "com.apple.product-type.application";
		};
		C9A224872568C14B00B2F514 /* DoNotOpenTests */ = {
			isa = PBXNativeTarget;
			buildConfigurationList = C9A2249F2568C14B00B2F514 /* Build configuration list for PBXNativeTarget "DoNotOpenTests" */;
			buildPhases = (
				C9A224842568C14B00B2F514 /* Sources */,
				C9A224852568C14B00B2F514 /* Frameworks */,
				C9A224862568C14B00B2F514 /* Resources */,
			);
			buildRules = (
			);
			dependencies = (
				C9A2248A2568C14B00B2F514 /* PBXTargetDependency */,
			);
			name = DoNotOpenTests;
			productName = DoNotOpenTests;
			productReference = C9A224882568C14B00B2F514 /* DoNotOpenTests.xctest */;
			productType = "com.apple.product-type.bundle.unit-test";
		};
		C9A224922568C14B00B2F514 /* DoNotOpenUITests */ = {
			isa = PBXNativeTarget;
			buildConfigurationList = C9A224A22568C14B00B2F514 /* Build configuration list for PBXNativeTarget "DoNotOpenUITests" */;
			buildPhases = (
				C9A2248F2568C14B00B2F514 /* Sources */,
				C9A224902568C14B00B2F514 /* Frameworks */,
				C9A224912568C14B00B2F514 /* Resources */,
			);
			buildRules = (
			);
			dependencies = (
				C9A224952568C14B00B2F514 /* PBXTargetDependency */,
			);
			name = DoNotOpenUITests;
			productName = DoNotOpenUITests;
			productReference = C9A224932568C14B00B2F514 /* DoNotOpenUITests.xctest */;
			productType = "com.apple.product-type.bundle.ui-testing";
		};
/* End PBXNativeTarget section */

/* Begin PBXProject section */
		C9A2246A2568C14900B2F514 /* Project object */ = {
			isa = PBXProject;
			attributes = {
				LastSwiftUpdateCheck = 1220;
				LastUpgradeCheck = 1220;
				TargetAttributes = {
					C9A224712568C14900B2F514 = {
						CreatedOnToolsVersion = 12.2;
					};
					C9A224872568C14B00B2F514 = {
						CreatedOnToolsVersion = 12.2;
						TestTargetID = C9A224712568C14900B2F514;
					};
					C9A224922568C14B00B2F514 = {
						CreatedOnToolsVersion = 12.2;
						TestTargetID = C9A224712568C14900B2F514;
					};
				};
			};
			buildConfigurationList = C9A2246D2568C14900B2F514 /* Build configuration list for PBXProject "DoNotOpen" */;
			compatibilityVersion = "Xcode 9.3";
			developmentRegion = en;
			hasScannedForEncodings = 0;
			knownRegions = (
				en,
				Base,
			);
			mainGroup = C9A224692568C14900B2F514;
			productRefGroup = C9A224732568C14900B2F514 /* Products */;
			projectDirPath = "";
			projectRoot = "";
			targets = (
				C9A224712568C14900B2F514 /* DoNotOpen */,
				C9A224872568C14B00B2F514 /* DoNotOpenTests */,
				C9A224922568C14B00B2F514 /* DoNotOpenUITests */,
			);
		};
/* End PBXProject section */

/* Begin PBXResourcesBuildPhase section */
		C9A224702568C14900B2F514 /* Resources */ = {
			isa = PBXResourcesBuildPhase;
			buildActionMask = 2147483647;
			files = (
				C9A224822568C14B00B2F514 /* LaunchScreen.storyboard in Resources */,
				C9A2247F2568C14B00B2F514 /* Assets.xcassets in Resources */,
			);
			runOnlyForDeploymentPostprocessing = 0;
		};
		C9A224862568C14B00B2F514 /* Resources */ = {
			isa = PBXResourcesBuildPhase;
			buildActionMask = 2147483647;
			files = (
			);
			runOnlyForDeploymentPostprocessing = 0;
		};
		C9A224912568C14B00B2F514 /* Resources */ = {
			isa = PBXResourcesBuildPhase;
			buildActionMask = 2147483647;
			files = (
			);
			runOnlyForDeploymentPostprocessing = 0;
		};
/* End PBXResourcesBuildPhase section */

/* Begin PBXSourcesBuildPhase section */
		C9A2246E2568C14900B2F514 /* Sources */ = {
			isa = PBXSourcesBuildPhase;
			buildActionMask = 2147483647;
			files = (
				C95288EA256A5A4300FF4134 /* CollectionViewController.swift in Sources */,
				C9A2247A2568C14900B2F514 /* PasswordViewController.swift in Sources */,
				C95288F4256BAA9F00FF4134 /* PresentViewController.swift in Sources */,
				C9A224762568C14900B2F514 /* AppDelegate.swift in Sources */,
				C9A224782568C14900B2F514 /* SceneDelegate.swift in Sources */,
				C95288EF256B267400FF4134 /* ConfidentalCollectionViewCell.swift in Sources */,
			);
			runOnlyForDeploymentPostprocessing = 0;
		};
		C9A224842568C14B00B2F514 /* Sources */ = {
			isa = PBXSourcesBuildPhase;
			buildActionMask = 2147483647;
			files = (
				C9A2248D2568C14B00B2F514 /* DoNotOpenTests.swift in Sources */,
			);
			runOnlyForDeploymentPostprocessing = 0;
		};
		C9A2248F2568C14B00B2F514 /* Sources */ = {
			isa = PBXSourcesBuildPhase;
			buildActionMask = 2147483647;
			files = (
				C9A224982568C14B00B2F514 /* DoNotOpenUITests.swift in Sources */,
			);
			runOnlyForDeploymentPostprocessing = 0;
		};
/* End PBXSourcesBuildPhase section */

/* Begin PBXTargetDependency section */
		C9A2248A2568C14B00B2F514 /* PBXTargetDependency */ = {
			isa = PBXTargetDependency;
			target = C9A224712568C14900B2F514 /* DoNotOpen */;
			targetProxy = C9A224892568C14B00B2F514 /* PBXContainerItemProxy */;
		};
		C9A224952568C14B00B2F514 /* PBXTargetDependency */ = {
			isa = PBXTargetDependency;
			target = C9A224712568C14900B2F514 /* DoNotOpen */;
			targetProxy = C9A224942568C14B00B2F514 /* PBXContainerItemProxy */;
		};
/* End PBXTargetDependency section */

/* Begin PBXVariantGroup section */
		C9A224802568C14B00B2F514 /* LaunchScreen.storyboard */ = {
			isa = PBXVariantGroup;
			children = (
				C9A224812568C14B00B2F514 /* Base */,
			);
			name = LaunchScreen.storyboard;
			sourceTree = "<group>";
		};
/* End PBXVariantGroup section */

/* Begin XCBuildConfiguration section */
		C9A2249A2568C14B00B2F514 /* Debug */ = {
			isa = XCBuildConfiguration;
			buildSettings = {
				ALWAYS_SEARCH_USER_PATHS = NO;
				CLANG_ANALYZER_NONNULL = YES;
				CLANG_ANALYZER_NUMBER_OBJECT_CONVERSION = YES_AGGRESSIVE;
				CLANG_CXX_LANGUAGE_STANDARD = "gnu++14";
				CLANG_CXX_LIBRARY = "libc++";
				CLANG_ENABLE_MODULES = YES;
				CLANG_ENABLE_OBJC_ARC = YES;
				CLANG_ENABLE_OBJC_WEAK = YES;
				CLANG_WARN_BLOCK_CAPTURE_AUTORELEASING = YES;
				CLANG_WARN_BOOL_CONVERSION = YES;
				CLANG_WARN_COMMA = YES;
				CLANG_WARN_CONSTANT_CONVERSION = YES;
				CLANG_WARN_DEPRECATED_OBJC_IMPLEMENTATIONS = YES;
				CLANG_WARN_DIRECT_OBJC_ISA_USAGE = YES_ERROR;
				CLANG_WARN_DOCUMENTATION_COMMENTS = YES;
				CLANG_WARN_EMPTY_BODY = YES;
				CLANG_WARN_ENUM_CONVERSION = YES;
				CLANG_WARN_INFINITE_RECURSION = YES;
				CLANG_WARN_INT_CONVERSION = YES;
				CLANG_WARN_NON_LITERAL_NULL_CONVERSION = YES;
				CLANG_WARN_OBJC_IMPLICIT_RETAIN_SELF = YES;
				CLANG_WARN_OBJC_LITERAL_CONVERSION = YES;
				CLANG_WARN_OBJC_ROOT_CLASS = YES_ERROR;
				CLANG_WARN_QUOTED_INCLUDE_IN_FRAMEWORK_HEADER = YES;
				CLANG_WARN_RANGE_LOOP_ANALYSIS = YES;
				CLANG_WARN_STRICT_PROTOTYPES = YES;
				CLANG_WARN_SUSPICIOUS_MOVE = YES;
				CLANG_WARN_UNGUARDED_AVAILABILITY = YES_AGGRESSIVE;
				CLANG_WARN_UNREACHABLE_CODE = YES;
				CLANG_WARN__DUPLICATE_METHOD_MATCH = YES;
				COPY_PHASE_STRIP = NO;
				DEBUG_INFORMATION_FORMAT = dwarf;
				ENABLE_STRICT_OBJC_MSGSEND = YES;
				ENABLE_TESTABILITY = YES;
				GCC_C_LANGUAGE_STANDARD = gnu11;
				GCC_DYNAMIC_NO_PIC = NO;
				GCC_NO_COMMON_BLOCKS = YES;
				GCC_OPTIMIZATION_LEVEL = 0;
				GCC_PREPROCESSOR_DEFINITIONS = (
					"DEBUG=1",
					"$(inherited)",
				);
				GCC_WARN_64_TO_32_BIT_CONVERSION = YES;
				GCC_WARN_ABOUT_RETURN_TYPE = YES_ERROR;
				GCC_WARN_UNDECLARED_SELECTOR = YES;
				GCC_WARN_UNINITIALIZED_AUTOS = YES_AGGRESSIVE;
				GCC_WARN_UNUSED_FUNCTION = YES;
				GCC_WARN_UNUSED_VARIABLE = YES;
				IPHONEOS_DEPLOYMENT_TARGET = 13.0;
				MTL_ENABLE_DEBUG_INFO = INCLUDE_SOURCE;
				MTL_FAST_MATH = YES;
				ONLY_ACTIVE_ARCH = YES;
				SDKROOT = iphoneos;
				SWIFT_ACTIVE_COMPILATION_CONDITIONS = DEBUG;
				SWIFT_OPTIMIZATION_LEVEL = "-Onone";
			};
			name = Debug;
		};
		C9A2249B2568C14B00B2F514 /* Release */ = {
			isa = XCBuildConfiguration;
			buildSettings = {
				ALWAYS_SEARCH_USER_PATHS = NO;
				CLANG_ANALYZER_NONNULL = YES;
				CLANG_ANALYZER_NUMBER_OBJECT_CONVERSION = YES_AGGRESSIVE;
				CLANG_CXX_LANGUAGE_STANDARD = "gnu++14";
				CLANG_CXX_LIBRARY = "libc++";
				CLANG_ENABLE_MODULES = YES;
				CLANG_ENABLE_OBJC_ARC = YES;
				CLANG_ENABLE_OBJC_WEAK = YES;
				CLANG_WARN_BLOCK_CAPTURE_AUTORELEASING = YES;
				CLANG_WARN_BOOL_CONVERSION = YES;
				CLANG_WARN_COMMA = YES;
				CLANG_WARN_CONSTANT_CONVERSION = YES;
				CLANG_WARN_DEPRECATED_OBJC_IMPLEMENTATIONS = YES;
				CLANG_WARN_DIRECT_OBJC_ISA_USAGE = YES_ERROR;
				CLANG_WARN_DOCUMENTATION_COMMENTS = YES;
				CLANG_WARN_EMPTY_BODY = YES;
				CLANG_WARN_ENUM_CONVERSION = YES;
				CLANG_WARN_INFINITE_RECURSION = YES;
				CLANG_WARN_INT_CONVERSION = YES;
				CLANG_WARN_NON_LITERAL_NULL_CONVERSION = YES;
				CLANG_WARN_OBJC_IMPLICIT_RETAIN_SELF = YES;
				CLANG_WARN_OBJC_LITERAL_CONVERSION = YES;
				CLANG_WARN_OBJC_ROOT_CLASS = YES_ERROR;
				CLANG_WARN_QUOTED_INCLUDE_IN_FRAMEWORK_HEADER = YES;
				CLANG_WARN_RANGE_LOOP_ANALYSIS = YES;
				CLANG_WARN_STRICT_PROTOTYPES = YES;
				CLANG_WARN_SUSPICIOUS_MOVE = YES;
				CLANG_WARN_UNGUARDED_AVAILABILITY = YES_AGGRESSIVE;
				CLANG_WARN_UNREACHABLE_CODE = YES;
				CLANG_WARN__DUPLICATE_METHOD_MATCH = YES;
				COPY_PHASE_STRIP = NO;
				DEBUG_INFORMATION_FORMAT = "dwarf-with-dsym";
				ENABLE_NS_ASSERTIONS = NO;
				ENABLE_STRICT_OBJC_MSGSEND = YES;
				GCC_C_LANGUAGE_STANDARD = gnu11;
				GCC_NO_COMMON_BLOCKS = YES;
				GCC_WARN_64_TO_32_BIT_CONVERSION = YES;
				GCC_WARN_ABOUT_RETURN_TYPE = YES_ERROR;
				GCC_WARN_UNDECLARED_SELECTOR = YES;
				GCC_WARN_UNINITIALIZED_AUTOS = YES_AGGRESSIVE;
				GCC_WARN_UNUSED_FUNCTION = YES;
				GCC_WARN_UNUSED_VARIABLE = YES;
				IPHONEOS_DEPLOYMENT_TARGET = 13.0;
				MTL_ENABLE_DEBUG_INFO = NO;
				MTL_FAST_MATH = YES;
				SDKROOT = iphoneos;
				SWIFT_COMPILATION_MODE = wholemodule;
				SWIFT_OPTIMIZATION_LEVEL = "-O";
				VALIDATE_PRODUCT = YES;
			};
			name = Release;
		};
		C9A2249D2568C14B00B2F514 /* Debug */ = {
			isa = XCBuildConfiguration;
			buildSettings = {
				ASSETCATALOG_COMPILER_APPICON_NAME = AppIcon;
				ASSETCATALOG_COMPILER_GLOBAL_ACCENT_COLOR_NAME = AccentColor;
				CODE_SIGN_STYLE = Automatic;
				DEVELOPMENT_TEAM = B6HSB75254;
				INFOPLIST_FILE = DoNotOpen/Info.plist;
				LD_RUNPATH_SEARCH_PATHS = (
					"$(inherited)",
					"@executable_path/Frameworks",
				);
				PRODUCT_BUNDLE_IDENTIFIER = com.example.DoNotOpen;
				PRODUCT_NAME = "$(TARGET_NAME)";
				SWIFT_VERSION = 5.0;
				TARGETED_DEVICE_FAMILY = "1,2";
			};
			name = Debug;
		};
		C9A2249E2568C14B00B2F514 /* Release */ = {
			isa = XCBuildConfiguration;
			buildSettings = {
				ASSETCATALOG_COMPILER_APPICON_NAME = AppIcon;
				ASSETCATALOG_COMPILER_GLOBAL_ACCENT_COLOR_NAME = AccentColor;
				CODE_SIGN_STYLE = Automatic;
				DEVELOPMENT_TEAM = B6HSB75254;
				INFOPLIST_FILE = DoNotOpen/Info.plist;
				LD_RUNPATH_SEARCH_PATHS = (
					"$(inherited)",
					"@executable_path/Frameworks",
				);
				PRODUCT_BUNDLE_IDENTIFIER = com.example.DoNotOpen;
				PRODUCT_NAME = "$(TARGET_NAME)";
				SWIFT_VERSION = 5.0;
				TARGETED_DEVICE_FAMILY = "1,2";
			};
			name = Release;
		};
		C9A224A02568C14B00B2F514 /* Debug */ = {
			isa = XCBuildConfiguration;
			buildSettings = {
				ALWAYS_EMBED_SWIFT_STANDARD_LIBRARIES = YES;
				BUNDLE_LOADER = "$(TEST_HOST)";
				CODE_SIGN_STYLE = Automatic;
				INFOPLIST_FILE = DoNotOpenTests/Info.plist;
				IPHONEOS_DEPLOYMENT_TARGET = 14.2;
				LD_RUNPATH_SEARCH_PATHS = (
					"$(inherited)",
					"@executable_path/Frameworks",
					"@loader_path/Frameworks",
				);
				PRODUCT_BUNDLE_IDENTIFIER = com.example.DoNotOpenTests;
				PRODUCT_NAME = "$(TARGET_NAME)";
				SWIFT_VERSION = 5.0;
				TARGETED_DEVICE_FAMILY = "1,2";
				TEST_HOST = "$(BUILT_PRODUCTS_DIR)/DoNotOpen.app/DoNotOpen";
			};
			name = Debug;
		};
		C9A224A12568C14B00B2F514 /* Release */ = {
			isa = XCBuildConfiguration;
			buildSettings = {
				ALWAYS_EMBED_SWIFT_STANDARD_LIBRARIES = YES;
				BUNDLE_LOADER = "$(TEST_HOST)";
				CODE_SIGN_STYLE = Automatic;
				INFOPLIST_FILE = DoNotOpenTests/Info.plist;
				IPHONEOS_DEPLOYMENT_TARGET = 14.2;
				LD_RUNPATH_SEARCH_PATHS = (
					"$(inherited)",
					"@executable_path/Frameworks",
					"@loader_path/Frameworks",
				);
				PRODUCT_BUNDLE_IDENTIFIER = com.example.DoNotOpenTests;
				PRODUCT_NAME = "$(TARGET_NAME)";
				SWIFT_VERSION = 5.0;
				TARGETED_DEVICE_FAMILY = "1,2";
				TEST_HOST = "$(BUILT_PRODUCTS_DIR)/DoNotOpen.app/DoNotOpen";
			};
			name = Release;
		};
		C9A224A32568C14B00B2F514 /* Debug */ = {
			isa = XCBuildConfiguration;
			buildSettings = {
				ALWAYS_EMBED_SWIFT_STANDARD_LIBRARIES = YES;
				CODE_SIGN_STYLE = Automatic;
				INFOPLIST_FILE = DoNotOpenUITests/Info.plist;
				LD_RUNPATH_SEARCH_PATHS = (
					"$(inherited)",
					"@executable_path/Frameworks",
					"@loader_path/Frameworks",
				);
				PRODUCT_BUNDLE_IDENTIFIER = com.example.DoNotOpenUITests;
				PRODUCT_NAME = "$(TARGET_NAME)";
				SWIFT_VERSION = 5.0;
				TARGETED_DEVICE_FAMILY = "1,2";
				TEST_TARGET_NAME = DoNotOpen;
			};
			name = Debug;
		};
		C9A224A42568C14B00B2F514 /* Release */ = {
			isa = XCBuildConfiguration;
			buildSettings = {
				ALWAYS_EMBED_SWIFT_STANDARD_LIBRARIES = YES;
				CODE_SIGN_STYLE = Automatic;
				INFOPLIST_FILE = DoNotOpenUITests/Info.plist;
				LD_RUNPATH_SEARCH_PATHS = (
					"$(inherited)",
					"@executable_path/Frameworks",
					"@loader_path/Frameworks",
				);
				PRODUCT_BUNDLE_IDENTIFIER = com.example.DoNotOpenUITests;
				PRODUCT_NAME = "$(TARGET_NAME)";
				SWIFT_VERSION = 5.0;
				TARGETED_DEVICE_FAMILY = "1,2";
				TEST_TARGET_NAME = DoNotOpen;
			};
			name = Release;
		};
/* End XCBuildConfiguration section */

/* Begin XCConfigurationList section */
		C9A2246D2568C14900B2F514 /* Build configuration list for PBXProject "DoNotOpen" */ = {
			isa = XCConfigurationList;
			buildConfigurations = (
				C9A2249A2568C14B00B2F514 /* Debug */,
				C9A2249B2568C14B00B2F514 /* Release */,
			);
			defaultConfigurationIsVisible = 0;
			defaultConfigurationName = Release;
		};
		C9A2249C2568C14B00B2F514 /* Build configuration list for PBXNativeTarget "DoNotOpen" */ = {
			isa = XCConfigurationList;
			buildConfigurations = (
				C9A2249D2568C14B00B2F514 /* Debug */,
				C9A2249E2568C14B00B2F514 /* Release */,
			);
			defaultConfigurationIsVisible = 0;
			defaultConfigurationName = Release;
		};
		C9A2249F2568C14B00B2F514 /* Build configuration list for PBXNativeTarget "DoNotOpenTests" */ = {
			isa = XCConfigurationList;
			buildConfigurations = (
				C9A224A02568C14B00B2F514 /* Debug */,
				C9A224A12568C14B00B2F514 /* Release */,
			);
			defaultConfigurationIsVisible = 0;
			defaultConfigurationName = Release;
		};
		C9A224A22568C14B00B2F514 /* Build configuration list for PBXNativeTarget "DoNotOpenUITests" */ = {
			isa = XCConfigurationList;
			buildConfigurations = (
				C9A224A32568C14B00B2F514 /* Debug */,
				C9A224A42568C14B00B2F514 /* Release */,
			);
			defaultConfigurationIsVisible = 0;
			defaultConfigurationName = Release;
		};
/* End XCConfigurationList section */
	};
	rootObject = C9A2246A2568C14900B2F514 /* Project object */;
}
